[[package]]
category = "main"
description = "asyncio (PEP 3156) Redis support"
name = "aioredis"
optional = false
python-versions = "*"
version = "1.3.1"

[package.dependencies]
async-timeout = "*"
hiredis = "*"

[[package]]
category = "main"
description = "Timeout context manager for asyncio programs"
name = "async-timeout"
optional = false
python-versions = ">=3.5.3"
version = "3.0.1"

[[package]]
category = "dev"
description = "Enhance the standard unittest package with features for testing asyncio libraries"
name = "asynctest"
optional = false
python-versions = ">=3.5"
version = "0.13.0"

[[package]]
category = "dev"
description = "Atomic file writes."
marker = "sys_platform == \"win32\""
name = "atomicwrites"
optional = false
python-versions = ">=2.7, !=3.0.*, !=3.1.*, !=3.2.*, !=3.3.*"
version = "1.3.0"

[[package]]
category = "dev"
description = "Classes Without Boilerplate"
name = "attrs"
optional = false
python-versions = ">=2.7, !=3.0.*, !=3.1.*, !=3.2.*, !=3.3.*"
version = "19.3.0"

[package.extras]
azure-pipelines = ["coverage", "hypothesis", "pympler", "pytest (>=4.3.0)", "six", "zope.interface", "pytest-azurepipelines"]
dev = ["coverage", "hypothesis", "pympler", "pytest (>=4.3.0)", "six", "zope.interface", "sphinx", "pre-commit"]
docs = ["sphinx", "zope.interface"]
tests = ["coverage", "hypothesis", "pympler", "pytest (>=4.3.0)", "six", "zope.interface"]

[[package]]
category = "dev"
description = "Cross-platform colored terminal text."
marker = "sys_platform == \"win32\""
name = "colorama"
optional = false
python-versions = ">=2.7, !=3.0.*, !=3.1.*, !=3.2.*, !=3.3.*, !=3.4.*"
version = "0.4.3"

[[package]]
category = "main"
description = "Python wrapper for hiredis"
name = "hiredis"
optional = false
python-versions = ">=2.7, !=3.0.*, !=3.1.*, !=3.2.*, !=3.3.*"
version = "1.0.1"

[[package]]
category = "dev"
description = "More routines for operating on iterables, beyond itertools"
name = "more-itertools"
optional = false
python-versions = ">=3.5"
version = "8.2.0"

[[package]]
category = "main"
description = "Pure Python Implementation of MySQL replication protocol build on top of PyMYSQL."
name = "mysql-replication"
optional = false
python-versions = "*"
version = "0.21"

[package.dependencies]
pymysql = "*"

[[package]]
category = "dev"
description = "Core utilities for Python packages"
name = "packaging"
optional = false
python-versions = ">=2.7, !=3.0.*, !=3.1.*, !=3.2.*, !=3.3.*"
version = "20.1"

[package.dependencies]
pyparsing = ">=2.0.2"
six = "*"

[[package]]
category = "dev"
description = "plugin and hook calling mechanisms for python"
name = "pluggy"
optional = false
python-versions = ">=2.7, !=3.0.*, !=3.1.*, !=3.2.*, !=3.3.*"
version = "0.13.1"

[package.extras]
dev = ["pre-commit", "tox"]

[[package]]
category = "dev"
description = "library with cross-python path, ini-parsing, io, code, log facilities"
name = "py"
optional = false
python-versions = ">=2.7, !=3.0.*, !=3.1.*, !=3.2.*, !=3.3.*"
version = "1.8.1"

[[package]]
category = "main"
description = "Pure Python MySQL Driver"
name = "pymysql"
optional = false
python-versions = "*"
version = "0.9.3"

[package.extras]
rsa = ["cryptography"]

[[package]]
category = "dev"
description = "Python parsing module"
name = "pyparsing"
optional = false
python-versions = ">=2.6, !=3.0.*, !=3.1.*, !=3.2.*"
version = "2.4.6"

[[package]]
category = "dev"
description = "pytest: simple powerful testing with Python"
name = "pytest"
optional = false
python-versions = ">=3.5"
version = "5.3.5"

[package.dependencies]
atomicwrites = ">=1.0"
attrs = ">=17.4.0"
colorama = "*"
more-itertools = ">=4.0.0"
packaging = "*"
pluggy = ">=0.12,<1.0"
py = ">=1.5.0"
wcwidth = "*"

[package.extras]
checkqa-mypy = ["mypy (v0.761)"]
testing = ["argcomplete", "hypothesis (>=3.56)", "mock", "nose", "requests", "xmlschema"]

[[package]]
category = "main"
description = "Python client for Redis key-value store"
name = "redis"
optional = false
python-versions = ">=2.7, !=3.0.*, !=3.1.*, !=3.2.*, !=3.3.*, !=3.4.*"
version = "3.4.1"

[package.extras]
hiredis = ["hiredis (>=0.1.3)"]

[[package]]
category = "main"
description = "Function-oriented cache interface with built-in memcache & redis + asyncio support."
name = "ring"
optional = false
python-versions = "*"
version = "0.7.3"

[package.dependencies]
six = ">=1.11.0"
wirerope = "0.3.0"

[package.extras]
dev = ["pytest (>=3.10.1)", "pytest-cov", "pytest-lazy-fixture (0.5.2)", "mock", "patch", "pymemcache", "redis", "requests", "diskcache", "django", "pylibmc", "pytest-asyncio", "aiomcache", "aioredis (>=1.0.0)", "python3-memcached", "sphinx", "django"]
docs = ["sphinx", "django"]
tests = ["pytest (>=3.10.1)", "pytest-cov", "pytest-lazy-fixture (0.5.2)", "mock", "patch", "pymemcache", "redis", "requests", "diskcache", "django", "pylibmc", "pytest-asyncio", "aiomcache", "aioredis (>=1.0.0)", "python3-memcached"]

[[package]]
category = "main"
description = "Python 2 and 3 compatibility utilities"
name = "six"
optional = false
python-versions = ">=2.7, !=3.0.*, !=3.1.*, !=3.2.*"
version = "1.14.0"

[[package]]
category = "dev"
description = "tasks runner for python projects"
name = "taskipy"
optional = false
python-versions = ">=3.6,<4.0"
version = "1.1.3"

[package.dependencies]
toml = ">=0.10.0,<0.11.0"

[[package]]
category = "dev"
description = "Python Library for Tom's Obvious, Minimal Language"
name = "toml"
optional = false
python-versions = "*"
version = "0.10.0"

[[package]]
category = "dev"
description = "Measures number of Terminal column cells of wide-character codes"
name = "wcwidth"
optional = false
python-versions = "*"
version = "0.1.8"

[[package]]
category = "main"
description = "Turn functions and methods into fully controllable objects"
name = "wirerope"
optional = false
python-versions = "*"
version = "0.3.0"

[package.dependencies]
six = ">=1.11.0"

[package.extras]
dev = ["pytest (>=3.0.2)", "pytest-cov", "sphinx"]
docs = ["sphinx"]
tests = ["pytest (>=3.0.2)", "pytest-cov"]

[metadata]
content-hash = "590f9238c966c66b6d9bdd40c0b54575e69f69fe86a115be9b4bb8695a44523f"
python-versions = "^3.8"

[metadata.files]
aioredis = [
    {file = "aioredis-1.3.1-py3-none-any.whl", hash = "sha256:b61808d7e97b7cd5a92ed574937a079c9387fdadd22bfbfa7ad2fd319ecc26e3"},
    {file = "aioredis-1.3.1.tar.gz", hash = "sha256:15f8af30b044c771aee6787e5ec24694c048184c7b9e54c3b60c750a4b93273a"},
]
async-timeout = [
    {file = "async-timeout-3.0.1.tar.gz", hash = "sha256:0c3c816a028d47f659d6ff5c745cb2acf1f966da1fe5c19c77a70282b25f4c5f"},
    {file = "async_timeout-3.0.1-py3-none-any.whl", hash = "sha256:4291ca197d287d274d0b6cb5d6f8f8f82d434ed288f962539ff18cc9012f9ea3"},
]
asynctest = [
    {file = "asynctest-0.13.0-py3-none-any.whl", hash = "sha256:5da6118a7e6d6b54d83a8f7197769d046922a44d2a99c21382f0a6e4fadae676"},
    {file = "asynctest-0.13.0.tar.gz", hash = "sha256:c27862842d15d83e6a34eb0b2866c323880eb3a75e4485b079ea11748fd77fac"},
]
atomicwrites = [
    {file = "atomicwrites-1.3.0-py2.py3-none-any.whl", hash = "sha256:03472c30eb2c5d1ba9227e4c2ca66ab8287fbfbbda3888aa93dc2e28fc6811b4"},
    {file = "atomicwrites-1.3.0.tar.gz", hash = "sha256:75a9445bac02d8d058d5e1fe689654ba5a6556a1dfd8ce6ec55a0ed79866cfa6"},
]
attrs = [
    {file = "attrs-19.3.0-py2.py3-none-any.whl", hash = "sha256:08a96c641c3a74e44eb59afb61a24f2cb9f4d7188748e76ba4bb5edfa3cb7d1c"},
    {file = "attrs-19.3.0.tar.gz", hash = "sha256:f7b7ce16570fe9965acd6d30101a28f62fb4a7f9e926b3bbc9b61f8b04247e72"},
]
colorama = [
    {file = "colorama-0.4.3-py2.py3-none-any.whl", hash = "sha256:7d73d2a99753107a36ac6b455ee49046802e59d9d076ef8e47b61499fa29afff"},
    {file = "colorama-0.4.3.tar.gz", hash = "sha256:e96da0d330793e2cb9485e9ddfd918d456036c7149416295932478192f4436a1"},
]
hiredis = [
    {file = "hiredis-1.0.1-cp27-cp27m-macosx_10_6_intel.whl", hash = "sha256:38437a681f17c975fd22349e72c29bc643f8e7eb2d6dc5df419eac59afa4d7ce"},
    {file = "hiredis-1.0.1-cp27-cp27m-manylinux1_i686.whl", hash = "sha256:102f9b9dc6ed57feb3a7c9bdf7e71cb7c278fe8df1edfcfe896bc3e0c2be9447"},
    {file = "hiredis-1.0.1-cp27-cp27m-manylinux1_x86_64.whl", hash = "sha256:dbaef9a21a4f10bc281684ee4124f169e62bb533c2a92b55f8c06f64f9af7b8f"},
    {file = "hiredis-1.0.1-cp27-cp27m-manylinux2010_i686.whl", hash = "sha256:03ed34a13316d0c34213c4fd46e0fa3a5299073f4d4f08e93fed8c2108b399b3"},
    {file = "hiredis-1.0.1-cp27-cp27m-manylinux2010_x86_64.whl", hash = "sha256:d6456afeddba036def1a36d8a2758eca53202308d83db20ab5d0b66590919627"},
    {file = "hiredis-1.0.1-cp27-cp27m-win32.whl", hash = "sha256:4a60e71625a2d78d8ab84dfb2fa2cfd9458c964b6e6c04fea76d9ade153fb371"},
    {file = "hiredis-1.0.1-cp27-cp27m-win_amd64.whl", hash = "sha256:091eb38fbf968d1c5b703e412bbbd25f43a7967d8400842cee33a5a07b33c27b"},
    {file = "hiredis-1.0.1-cp27-cp27mu-manylinux1_i686.whl", hash = "sha256:75c65c3850e89e9daa68d1b9bedd5806f177d60aa5a7b0953b4829481cfc1f72"},
    {file = "hiredis-1.0.1-cp27-cp27mu-manylinux1_x86_64.whl", hash = "sha256:fa2dc05b87d97acc1c6ae63f3e0f39eae5246565232484b08db6bf2dc1580678"},
    {file = "hiredis-1.0.1-cp27-cp27mu-manylinux2010_i686.whl", hash = "sha256:74b364b3f06c9cf0a53f7df611045bc9437ed972a283fa1f0b12537236d23ddc"},
    {file = "hiredis-1.0.1-cp27-cp27mu-manylinux2010_x86_64.whl", hash = "sha256:9afeb88c67bbc663b9f27385c496da056d06ad87f55df6e393e1516cfecb0461"},
    {file = "hiredis-1.0.1-cp35-cp35m-macosx_10_6_intel.whl", hash = "sha256:040436e91df5143aff9e0debb49530d0b17a6bd52200ce568621c31ef581b10d"},
    {file = "hiredis-1.0.1-cp35-cp35m-manylinux1_i686.whl", hash = "sha256:2b4b392c7e3082860c8371fab3ae762139090f9115819e12d9f56060f9ede05d"},
    {file = "hiredis-1.0.1-cp35-cp35m-manylinux1_x86_64.whl", hash = "sha256:936aa565e673536e8a211e43ec43197406f24cd1f290138bd143765079c8ba00"},
    {file = "hiredis-1.0.1-cp35-cp35m-manylinux2010_i686.whl", hash = "sha256:48c627581ad4ef60adbac980981407939acf13a0e18f093502c7b542223c4f19"},
    {file = "hiredis-1.0.1-cp35-cp35m-manylinux2010_x86_64.whl", hash = "sha256:9d62cc7880110e4f83b0a51d218f465d3095e2751fbddd34e553dbd106a929ff"},
    {file = "hiredis-1.0.1-cp35-cp35m-win32.whl", hash = "sha256:8113a7d5e87ecf57cd4ae263cc9e429adb9a3e59f5a7768da5d3312a8d0a051a"},
    {file = "hiredis-1.0.1-cp35-cp35m-win_amd64.whl", hash = "sha256:fe7d6ce9f6a5fbe24f09d95ea93e9c7271abc4e1565da511e1449b107b4d7848"},
    {file = "hiredis-1.0.1-cp36-cp36m-macosx_10_6_intel.whl", hash = "sha256:efc98b14ee3a8595e40b1425e8d42f5fd26f11a7b215a81ef9259068931754f4"},
    {file = "hiredis-1.0.1-cp36-cp36m-manylinux1_i686.whl", hash = "sha256:01ff0900134166961c9e339df77c33b72f7edc5cb41739f0babcd9faa345926e"},
    {file = "hiredis-1.0.1-cp36-cp36m-manylinux1_x86_64.whl", hash = "sha256:d0caf98dfb8af395d6732bd16561c0a2458851bea522e39f12f04802dbf6f502"},
    {file = "hiredis-1.0.1-cp36-cp36m-manylinux2010_i686.whl", hash = "sha256:ae2ee0992f8de249715435942137843a93db204dd7db1e7cc9bdc5a8436443e8"},
    {file = "hiredis-1.0.1-cp36-cp36m-manylinux2010_x86_64.whl", hash = "sha256:4414a96c212e732723b5c3d7c04d386ebbb2ec359e1de646322cbc3f875cbd0d"},
    {file = "hiredis-1.0.1-cp36-cp36m-win32.whl", hash = "sha256:7f052de8bf744730a9120dbdc67bfeb7605a01f69fb8e7ba5c475af33c24e145"},
    {file = "hiredis-1.0.1-cp36-cp36m-win_amd64.whl", hash = "sha256:2fa65a9df683bca72073cd77709ddeb289ea2b114d3775d225fbbcc5faf808c5"},
    {file = "hiredis-1.0.1-cp37-cp37m-macosx_10_6_intel.whl", hash = "sha256:585ace09f434e43d8a8dbeb366865b1a044d7c06319b3c7372a0a00e63b860f4"},
    {file = "hiredis-1.0.1-cp37-cp37m-manylinux1_i686.whl", hash = "sha256:bcbf9379c553b5facc6c04c1e5569b44b38ff16bcbf354676287698d61ee0c92"},
    {file = "hiredis-1.0.1-cp37-cp37m-manylinux1_x86_64.whl", hash = "sha256:3b3428fa3cf1ee178807b52c9bee8950ab94cd4eaa9bfae8c1bbae3c49501d34"},
    {file = "hiredis-1.0.1-cp37-cp37m-manylinux2010_i686.whl", hash = "sha256:cbccbda6f1c62ab460449d9c85fdf24d0d32a6bf45176581151e53cc26a5d910"},
    {file = "hiredis-1.0.1-cp37-cp37m-manylinux2010_x86_64.whl", hash = "sha256:2c9cc0b986397b833073f466e6b9e9c70d1d4dc2c2c1b3e9cae3a23102ff296c"},
    {file = "hiredis-1.0.1-cp37-cp37m-win32.whl", hash = "sha256:84857ce239eb8ed191ac78e77ff65d52902f00f30f4ee83bf80eb71da73b70e6"},
    {file = "hiredis-1.0.1-cp37-cp37m-win_amd64.whl", hash = "sha256:b36842d7cf32929d568f37ec5b3173b72b2ec6572dec4d6be6ce774762215aee"},
    {file = "hiredis-1.0.1-cp38-cp38-macosx_10_9_x86_64.whl", hash = "sha256:3dd8c2fae7f5494978facb0e93297dd627b1a3f536f3b070cf0a7d9157a07dcb"},
    {file = "hiredis-1.0.1-cp38-cp38-manylinux1_i686.whl", hash = "sha256:01b577f84c20ecc9c07fc4c184231b08e3c3942de096fa99978e053de231c423"},
    {file = "hiredis-1.0.1-cp38-cp38-manylinux1_x86_64.whl", hash = "sha256:a1fadd062fc8d647ff39220c57ea2b48c99bb73f18223828ec97f88fc27e7898"},
    {file = "hiredis-1.0.1-cp38-cp38-manylinux2010_i686.whl", hash = "sha256:dce84916c09aaece006272b37234ae84a8ed13abb3a4d341a23933b8701abfb5"},
    {file = "hiredis-1.0.1-cp38-cp38-manylinux2010_x86_64.whl", hash = "sha256:8644a48ddc4a40b3e3a6b9443f396c2ee353afb2d45656c4fc68d04a82e8e3f7"},
    {file = "hiredis-1.0.1-cp38-cp38-win32.whl", hash = "sha256:eb8c9c8b9869539d58d60ff4a28373a22514d40495911451343971cb4835b7a9"},
    {file = "hiredis-1.0.1-cp38-cp38-win_amd64.whl", hash = "sha256:a7754a783b1e5d6f627c19d099b178059c62f782ab62b4d8ba165b9fbc2ee34c"},
    {file = "hiredis-1.0.1.tar.gz", hash = "sha256:aa59dd63bb3f736de4fc2d080114429d5d369dfb3265f771778e8349d67a97a4"},
]
more-itertools = [
    {file = "more-itertools-8.2.0.tar.gz", hash = "sha256:b1ddb932186d8a6ac451e1d95844b382f55e12686d51ca0c68b6f61f2ab7a507"},
    {file = "more_itertools-8.2.0-py3-none-any.whl", hash = "sha256:5dd8bcf33e5f9513ffa06d5ad33d78f31e1931ac9a18f33d37e77a180d393a7c"},
]
mysql-replication = [
    {file = "mysql-replication-0.21.tar.gz", hash = "sha256:116efdc1d932ecd39ff9c2a5c735d2105c9861c9e747b04ddcfc7f1849dd5afe"},
]
packaging = [
    {file = "packaging-20.1-py2.py3-none-any.whl", hash = "sha256:170748228214b70b672c581a3dd610ee51f733018650740e98c7df862a583f73"},
    {file = "packaging-20.1.tar.gz", hash = "sha256:e665345f9eef0c621aa0bf2f8d78cf6d21904eef16a93f020240b704a57f1334"},
]
pluggy = [
    {file = "pluggy-0.13.1-py2.py3-none-any.whl", hash = "sha256:966c145cd83c96502c3c3868f50408687b38434af77734af1e9ca461a4081d2d"},
    {file = "pluggy-0.13.1.tar.gz", hash = "sha256:15b2acde666561e1298d71b523007ed7364de07029219b604cf808bfa1c765b0"},
]
py = [
    {file = "py-1.8.1-py2.py3-none-any.whl", hash = "sha256:c20fdd83a5dbc0af9efd622bee9a5564e278f6380fffcacc43ba6f43db2813b0"},
    {file = "py-1.8.1.tar.gz", hash = "sha256:5e27081401262157467ad6e7f851b7aa402c5852dbcb3dae06768434de5752aa"},
]
pymysql = [
    {file = "PyMySQL-0.9.3-py2.py3-none-any.whl", hash = "sha256:3943fbbbc1e902f41daf7f9165519f140c4451c179380677e6a848587042561a"},
    {file = "PyMySQL-0.9.3.tar.gz", hash = "sha256:d8c059dcd81dedb85a9f034d5e22dcb4442c0b201908bede99e306d65ea7c8e7"},
]
pyparsing = [
    {file = "pyparsing-2.4.6-py2.py3-none-any.whl", hash = "sha256:c342dccb5250c08d45fd6f8b4a559613ca603b57498511740e65cd11a2e7dcec"},
    {file = "pyparsing-2.4.6.tar.gz", hash = "sha256:4c830582a84fb022400b85429791bc551f1f4871c33f23e44f353119e92f969f"},
]
pytest = [
    {file = "pytest-5.3.5-py3-none-any.whl", hash = "sha256:ff615c761e25eb25df19edddc0b970302d2a9091fbce0e7213298d85fb61fef6"},
    {file = "pytest-5.3.5.tar.gz", hash = "sha256:0d5fe9189a148acc3c3eb2ac8e1ac0742cb7618c084f3d228baaec0c254b318d"},
]
redis = [
    {file = "redis-3.4.1-py2.py3-none-any.whl", hash = "sha256:b205cffd05ebfd0a468db74f0eedbff8df1a7bfc47521516ade4692991bb0833"},
    {file = "redis-3.4.1.tar.gz", hash = "sha256:0dcfb335921b88a850d461dc255ff4708294943322bd55de6cfd68972490ca1f"},
]
ring = [
    {file = "ring-0.7.3.tar.gz", hash = "sha256:cee547eece9f1b4dd5bf7cfc7ecddd7c730458a0d00d9fc4a949a6604b2207c1"},
]
six = [
    {file = "six-1.14.0-py2.py3-none-any.whl", hash = "sha256:8f3cd2e254d8f793e7f3d6d9df77b92252b52637291d0f0da013c76ea2724b6c"},
    {file = "six-1.14.0.tar.gz", hash = "sha256:236bdbdce46e6e6a3d61a337c0f8b763ca1e8717c03b369e87a7ec7ce1319c0a"},
]
taskipy = [
    {file = "taskipy-1.1.3-py3-none-any.whl", hash = "sha256:b5c94e1d06d5f5d10b916c29e12615c34ab701e2132fcdb5024572c728c83595"},
    {file = "taskipy-1.1.3.tar.gz", hash = "sha256:2ca48f072549ed44091a8b29a14c37d22d8b6dad8c6a065469f6b944951c7f07"},
]
toml = [
    {file = "toml-0.10.0-py2.7.egg", hash = "sha256:f1db651f9657708513243e61e6cc67d101a39bad662eaa9b5546f789338e07a3"},
    {file = "toml-0.10.0-py2.py3-none-any.whl", hash = "sha256:235682dd292d5899d361a811df37e04a8828a5b1da3115886b73cf81ebc9100e"},
    {file = "toml-0.10.0.tar.gz", hash = "sha256:229f81c57791a41d65e399fc06bf0848bab550a9dfd5ed66df18ce5f05e73d5c"},
]
wcwidth = [
    {file = "wcwidth-0.1.8-py2.py3-none-any.whl", hash = "sha256:8fd29383f539be45b20bd4df0dc29c20ba48654a41e661925e612311e9f3c603"},
    {file = "wcwidth-0.1.8.tar.gz", hash = "sha256:f28b3e8a6483e5d49e7f8949ac1a78314e740333ae305b4ba5defd3e74fb37a8"},
]
wirerope = [
    {file = "wirerope-0.3.0.tar.gz", hash = "sha256:a8cb4642c83a55add676923059b4f9c61d785ac6dc71ff1d9de2aac4aed4a517"},
]
